
Microsoft Visual Studio Solution File, Format Version 12.00
# Visual Studio 15
VisualStudioVersion = 15.0.28307.960
MinimumVisualStudioVersion = 10.0.40219.1
Project("{2150E333-8FDC-42A3-9474-1A3956D46DE8}") = "src", "src", "{A7B2DD26-1A5B-4CF9-A218-927CB269229F}"
EndProject
Project("{2150E333-8FDC-42A3-9474-1A3956D46DE8}") = "test", "test", "{A8891EEB-C11B-47C6-99C4-4BBFC4C965E7}"
EndProject
Project("{FAE04EC0-301F-11D3-BF4B-00C04F79EFBC}") = "AdjacentCells.Library", "AdjacentCells.Library\AdjacentCells.Library.csproj", "{CE33C55B-186F-4D9D-AD2E-EA05682EB3E9}"
EndProject
Project("{FAE04EC0-301F-11D3-BF4B-00C04F79EFBC}") = "AdjacentCells.Library.Tests", "AdjacentCells.Library.Tests\AdjacentCells.Library.Tests.csproj", "{FE123711-CE28-42D8-A442-A6AFF2D3DA17}"
EndProject
Global
	GlobalSection(SolutionConfigurationPlatforms) = preSolution
		Debug|Any CPU = Debug|Any CPU
		Release|Any CPU = Release|Any CPU
	EndGlobalSection
	GlobalSection(ProjectConfigurationPlatforms) = postSolution
		{CE33C55B-186F-4D9D-AD2E-EA05682EB3E9}.Debug|Any CPU.ActiveCfg = Debug|Any CPU
		{CE33C55B-186F-4D9D-AD2E-EA05682EB3E9}.Debug|Any CPU.Build.0 = Debug|Any CPU
		{CE33C55B-186F-4D9D-AD2E-EA05682EB3E9}.Release|Any CPU.ActiveCfg = Release|Any CPU
		{CE33C55B-186F-4D9D-AD2E-EA05682EB3E9}.Release|Any CPU.Build.0 = Release|Any CPU
		{FE123711-CE28-42D8-A442-A6AFF2D3DA17}.Debug|Any CPU.ActiveCfg = Debug|Any CPU
		{FE123711-CE28-42D8-A442-A6AFF2D3DA17}.Debug|Any CPU.Build.0 = Debug|Any CPU
		{FE123711-CE28-42D8-A442-A6AFF2D3DA17}.Release|Any CPU.ActiveCfg = Release|Any CPU
		{FE123711-CE28-42D8-A442-A6AFF2D3DA17}.Release|Any CPU.Build.0 = Release|Any CPU
	EndGlobalSection
	GlobalSection(SolutionProperties) = preSolution
		HideSolutionNode = FALSE
	EndGlobalSection
	GlobalSection(NestedProjects) = preSolution
		{CE33C55B-186F-4D9D-AD2E-EA05682EB3E9} = {A7B2DD26-1A5B-4CF9-A218-927CB269229F}
		{FE123711-CE28-42D8-A442-A6AFF2D3DA17} = {A8891EEB-C11B-47C6-99C4-4BBFC4C965E7}
	EndGlobalSection
	GlobalSection(ExtensibilityGlobals) = postSolution
		SolutionGuid = {E3A6DF52-61A5-4115-B134-5C81E7E36D5E}
	EndGlobalSection
EndGlobal
